
Microsoft Visual Studio Solution File, Format Version 12.00
# Visual Studio Version 17
VisualStudioVersion = 17.0.31903.59
MinimumVisualStudioVersion = 10.0.40219.1
Project("{2150E333-8FDC-42A3-9474-1A3956D46DE8}") = "src", "src", "{827E0CD3-B72D-47B6-A68D-7590B98EB39B}"
EndProject
Project("{FAE04EC0-301F-11D3-BF4B-00C04F79EFBC}") = "Khyout.Domain", "src\Khyout.Domain\Khyout.Domain.csproj", "{F8F639BA-F88E-482E-8A52-AD5F83C870F2}"
EndProject
Project("{FAE04EC0-301F-11D3-BF4B-00C04F79EFBC}") = "Khyout.Application", "src\Khyout.Application\Khyout.Application.csproj", "{6D97F206-0F5F-4254-B0B2-C2B657DDBE1D}"
EndProject
Project("{FAE04EC0-301F-11D3-BF4B-00C04F79EFBC}") = "Khyout.Infrastructure", "src\Khyout.Infrastructure\Khyout.Infrastructure.csproj", "{06573083-DE38-414B-BC98-15E77B41A685}"
EndProject
Project("{FAE04EC0-301F-11D3-BF4B-00C04F79EFBC}") = "Khyout.Api", "src\Khyout.Api\Khyout.Api.csproj", "{98F90707-8899-4E94-9F72-5B4C901A3097}"
EndProject
Project("{2150E333-8FDC-42A3-9474-1A3956D46DE8}") = "tests", "tests", "{0AB3BF05-4346-4AA6-1389-037BE0695223}"
EndProject
Project("{FAE04EC0-301F-11D3-BF4B-00C04F79EFBC}") = "Khyout.Domain.Tests", "tests\Khyout.Domain.Tests\Khyout.Domain.Tests.csproj", "{8E57163F-0156-44B2-A80F-38B38BDDE168}"
EndProject
Project("{FAE04EC0-301F-11D3-BF4B-00C04F79EFBC}") = "Khyout.Api.IntegrationTests", "tests\Khyout.Api.IntegrationTests\Khyout.Api.IntegrationTests.csproj", "{DBF4512D-C068-4C39-A4C7-C618C98F64D9}"
EndProject
Global
	GlobalSection(SolutionConfigurationPlatforms) = preSolution
		Debug|Any CPU = Debug|Any CPU
		Debug|x64 = Debug|x64
		Debug|x86 = Debug|x86
		Release|Any CPU = Release|Any CPU
		Release|x64 = Release|x64
		Release|x86 = Release|x86
	EndGlobalSection
	GlobalSection(ProjectConfigurationPlatforms) = postSolution
		{F8F639BA-F88E-482E-8A52-AD5F83C870F2}.Debug|Any CPU.ActiveCfg = Debug|Any CPU
		{F8F639BA-F88E-482E-8A52-AD5F83C870F2}.Debug|Any CPU.Build.0 = Debug|Any CPU
		{F8F639BA-F88E-482E-8A52-AD5F83C870F2}.Debug|x64.ActiveCfg = Debug|Any CPU
		{F8F639BA-F88E-482E-8A52-AD5F83C870F2}.Debug|x64.Build.0 = Debug|Any CPU
		{F8F639BA-F88E-482E-8A52-AD5F83C870F2}.Debug|x86.ActiveCfg = Debug|Any CPU
		{F8F639BA-F88E-482E-8A52-AD5F83C870F2}.Debug|x86.Build.0 = Debug|Any CPU
		{F8F639BA-F88E-482E-8A52-AD5F83C870F2}.Release|Any CPU.ActiveCfg = Release|Any CPU
		{F8F639BA-F88E-482E-8A52-AD5F83C870F2}.Release|Any CPU.Build.0 = Release|Any CPU
		{F8F639BA-F88E-482E-8A52-AD5F83C870F2}.Release|x64.ActiveCfg = Release|Any CPU
		{F8F639BA-F88E-482E-8A52-AD5F83C870F2}.Release|x64.Build.0 = Release|Any CPU
		{F8F639BA-F88E-482E-8A52-AD5F83C870F2}.Release|x86.ActiveCfg = Release|Any CPU
		{F8F639BA-F88E-482E-8A52-AD5F83C870F2}.Release|x86.Build.0 = Release|Any CPU
		{6D97F206-0F5F-4254-B0B2-C2B657DDBE1D}.Debug|Any CPU.ActiveCfg = Debug|Any CPU
		{6D97F206-0F5F-4254-B0B2-C2B657DDBE1D}.Debug|Any CPU.Build.0 = Debug|Any CPU
		{6D97F206-0F5F-4254-B0B2-C2B657DDBE1D}.Debug|x64.ActiveCfg = Debug|Any CPU
		{6D97F206-0F5F-4254-B0B2-C2B657DDBE1D}.Debug|x64.Build.0 = Debug|Any CPU
		{6D97F206-0F5F-4254-B0B2-C2B657DDBE1D}.Debug|x86.ActiveCfg = Debug|Any CPU
		{6D97F206-0F5F-4254-B0B2-C2B657DDBE1D}.Debug|x86.Build.0 = Debug|Any CPU
		{6D97F206-0F5F-4254-B0B2-C2B657DDBE1D}.Release|Any CPU.ActiveCfg = Release|Any CPU
		{6D97F206-0F5F-4254-B0B2-C2B657DDBE1D}.Release|Any CPU.Build.0 = Release|Any CPU
		{6D97F206-0F5F-4254-B0B2-C2B657DDBE1D}.Release|x64.ActiveCfg = Release|Any CPU
		{6D97F206-0F5F-4254-B0B2-C2B657DDBE1D}.Release|x64.Build.0 = Release|Any CPU
		{6D97F206-0F5F-4254-B0B2-C2B657DDBE1D}.Release|x86.ActiveCfg = Release|Any CPU
		{6D97F206-0F5F-4254-B0B2-C2B657DDBE1D}.Release|x86.Build.0 = Release|Any CPU
		{06573083-DE38-414B-BC98-15E77B41A685}.Debug|Any CPU.ActiveCfg = Debug|Any CPU
		{06573083-DE38-414B-BC98-15E77B41A685}.Debug|Any CPU.Build.0 = Debug|Any CPU
		{06573083-DE38-414B-BC98-15E77B41A685}.Debug|x64.ActiveCfg = Debug|Any CPU
		{06573083-DE38-414B-BC98-15E77B41A685}.Debug|x64.Build.0 = Debug|Any CPU
		{06573083-DE38-414B-BC98-15E77B41A685}.Debug|x86.ActiveCfg = Debug|Any CPU
		{06573083-DE38-414B-BC98-15E77B41A685}.Debug|x86.Build.0 = Debug|Any CPU
		{06573083-DE38-414B-BC98-15E77B41A685}.Release|Any CPU.ActiveCfg = Release|Any CPU
		{06573083-DE38-414B-BC98-15E77B41A685}.Release|Any CPU.Build.0 = Release|Any CPU
		{06573083-DE38-414B-BC98-15E77B41A685}.Release|x64.ActiveCfg = Release|Any CPU
		{06573083-DE38-414B-BC98-15E77B41A685}.Release|x64.Build.0 = Release|Any CPU
		{06573083-DE38-414B-BC98-15E77B41A685}.Release|x86.ActiveCfg = Release|Any CPU
		{06573083-DE38-414B-BC98-15E77B41A685}.Release|x86.Build.0 = Release|Any CPU
		{98F90707-8899-4E94-9F72-5B4C901A3097}.Debug|Any CPU.ActiveCfg = Debug|Any CPU
		{98F90707-8899-4E94-9F72-5B4C901A3097}.Debug|Any CPU.Build.0 = Debug|Any CPU
		{98F90707-8899-4E94-9F72-5B4C901A3097}.Debug|x64.ActiveCfg = Debug|Any CPU
		{98F90707-8899-4E94-9F72-5B4C901A3097}.Debug|x64.Build.0 = Debug|Any CPU
		{98F90707-8899-4E94-9F72-5B4C901A3097}.Debug|x86.ActiveCfg = Debug|Any CPU
		{98F90707-8899-4E94-9F72-5B4C901A3097}.Debug|x86.Build.0 = Debug|Any CPU
		{98F90707-8899-4E94-9F72-5B4C901A3097}.Release|Any CPU.ActiveCfg = Release|Any CPU
		{98F90707-8899-4E94-9F72-5B4C901A3097}.Release|Any CPU.Build.0 = Release|Any CPU
		{98F90707-8899-4E94-9F72-5B4C901A3097}.Release|x64.ActiveCfg = Release|Any CPU
		{98F90707-8899-4E94-9F72-5B4C901A3097}.Release|x64.Build.0 = Release|Any CPU
		{98F90707-8899-4E94-9F72-5B4C901A3097}.Release|x86.ActiveCfg = Release|Any CPU
		{98F90707-8899-4E94-9F72-5B4C901A3097}.Release|x86.Build.0 = Release|Any CPU
		{8E57163F-0156-44B2-A80F-38B38BDDE168}.Debug|Any CPU.ActiveCfg = Debug|Any CPU
		{8E57163F-0156-44B2-A80F-38B38BDDE168}.Debug|Any CPU.Build.0 = Debug|Any CPU
		{8E57163F-0156-44B2-A80F-38B38BDDE168}.Debug|x64.ActiveCfg = Debug|Any CPU
		{8E57163F-0156-44B2-A80F-38B38BDDE168}.Debug|x64.Build.0 = Debug|Any CPU
		{8E57163F-0156-44B2-A80F-38B38BDDE168}.Debug|x86.ActiveCfg = Debug|Any CPU
		{8E57163F-0156-44B2-A80F-38B38BDDE168}.Debug|x86.Build.0 = Debug|Any CPU
		{8E57163F-0156-44B2-A80F-38B38BDDE168}.Release|Any CPU.ActiveCfg = Release|Any CPU
		{8E57163F-0156-44B2-A80F-38B38BDDE168}.Release|Any CPU.Build.0 = Release|Any CPU
		{8E57163F-0156-44B2-A80F-38B38BDDE168}.Release|x64.ActiveCfg = Release|Any CPU
		{8E57163F-0156-44B2-A80F-38B38BDDE168}.Release|x64.Build.0 = Release|Any CPU
		{8E57163F-0156-44B2-A80F-38B38BDDE168}.Release|x86.ActiveCfg = Release|Any CPU
		{8E57163F-0156-44B2-A80F-38B38BDDE168}.Release|x86.Build.0 = Release|Any CPU
		{DBF4512D-C068-4C39-A4C7-C618C98F64D9}.Debug|Any CPU.ActiveCfg = Debug|Any CPU
		{DBF4512D-C068-4C39-A4C7-C618C98F64D9}.Debug|Any CPU.Build.0 = Debug|Any CPU
		{DBF4512D-C068-4C39-A4C7-C618C98F64D9}.Debug|x64.ActiveCfg = Debug|Any CPU
		{DBF4512D-C068-4C39-A4C7-C618C98F64D9}.Debug|x64.Build.0 = Debug|Any CPU
		{DBF4512D-C068-4C39-A4C7-C618C98F64D9}.Debug|x86.ActiveCfg = Debug|Any CPU
		{DBF4512D-C068-4C39-A4C7-C618C98F64D9}.Debug|x86.Build.0 = Debug|Any CPU
		{DBF4512D-C068-4C39-A4C7-C618C98F64D9}.Release|Any CPU.ActiveCfg = Release|Any CPU
		{DBF4512D-C068-4C39-A4C7-C618C98F64D9}.Release|Any CPU.Build.0 = Release|Any CPU
		{DBF4512D-C068-4C39-A4C7-C618C98F64D9}.Release|x64.ActiveCfg = Release|Any CPU
		{DBF4512D-C068-4C39-A4C7-C618C98F64D9}.Release|x64.Build.0 = Release|Any CPU
		{DBF4512D-C068-4C39-A4C7-C618C98F64D9}.Release|x86.ActiveCfg = Release|Any CPU
		{DBF4512D-C068-4C39-A4C7-C618C98F64D9}.Release|x86.Build.0 = Release|Any CPU
	EndGlobalSection
	GlobalSection(SolutionProperties) = preSolution
		HideSolutionNode = FALSE
	EndGlobalSection
	GlobalSection(NestedProjects) = preSolution
		{F8F639BA-F88E-482E-8A52-AD5F83C870F2} = {827E0CD3-B72D-47B6-A68D-7590B98EB39B}
		{6D97F206-0F5F-4254-B0B2-C2B657DDBE1D} = {827E0CD3-B72D-47B6-A68D-7590B98EB39B}
		{06573083-DE38-414B-BC98-15E77B41A685} = {827E0CD3-B72D-47B6-A68D-7590B98EB39B}
		{98F90707-8899-4E94-9F72-5B4C901A3097} = {827E0CD3-B72D-47B6-A68D-7590B98EB39B}
		{8E57163F-0156-44B2-A80F-38B38BDDE168} = {0AB3BF05-4346-4AA6-1389-037BE0695223}
		{DBF4512D-C068-4C39-A4C7-C618C98F64D9} = {0AB3BF05-4346-4AA6-1389-037BE0695223}
	EndGlobalSection
EndGlobal
